// !$*UTF8*$!
{
	archiveVersion = 1;
	classes = {
	};
	objectVersion = 46;
	objects = {

/* Begin PBXBuildFile section */
		33900073173019FB089C918E /* Pods_BranchPluginExampleObjc.framework in Frameworks */ = {isa = PBXBuildFile; fileRef = 96AA24C1214C4B16D45247D7 /* Pods_BranchPluginExampleObjc.framework */; };
		7BC2F8ED1F5B4ACE001358F8 /* main.m in Sources */ = {isa = PBXBuildFile; fileRef = 7BC2F8EC1F5B4ACE001358F8 /* main.m */; };
		7BC2F8F01F5B4ACE001358F8 /* AppDelegate.m in Sources */ = {isa = PBXBuildFile; fileRef = 7BC2F8EF1F5B4ACE001358F8 /* AppDelegate.m */; };
		7BC2F8F31F5B4ACE001358F8 /* ViewController.m in Sources */ = {isa = PBXBuildFile; fileRef = 7BC2F8F21F5B4ACE001358F8 /* ViewController.m */; };
		7BC2F8F61F5B4ACE001358F8 /* Main.storyboard in Resources */ = {isa = PBXBuildFile; fileRef = 7BC2F8F41F5B4ACE001358F8 /* Main.storyboard */; };
		7BC2F8F81F5B4ACE001358F8 /* Assets.xcassets in Resources */ = {isa = PBXBuildFile; fileRef = 7BC2F8F71F5B4ACE001358F8 /* Assets.xcassets */; };
		7BC2F8FB1F5B4ACE001358F8 /* LaunchScreen.storyboard in Resources */ = {isa = PBXBuildFile; fileRef = 7BC2F8F91F5B4ACE001358F8 /* LaunchScreen.storyboard */; };
/* End PBXBuildFile section */

/* Begin PBXFileReference section */
		308705AFEB4240F708A2FC7B /* Pods-BranchPluginExampleObjc.release.xcconfig */ = {isa = PBXFileReference; includeInIndex = 1; lastKnownFileType = text.xcconfig; name = "Pods-BranchPluginExampleObjc.release.xcconfig"; path = "Pods/Target Support Files/Pods-BranchPluginExampleObjc/Pods-BranchPluginExampleObjc.release.xcconfig"; sourceTree = "<group>"; };
		52FAF09A2888926773D5E936 /* Pods-BranchPluginExampleObjc.debug.xcconfig */ = {isa = PBXFileReference; includeInIndex = 1; lastKnownFileType = text.xcconfig; name = "Pods-BranchPluginExampleObjc.debug.xcconfig"; path = "Pods/Target Support Files/Pods-BranchPluginExampleObjc/Pods-BranchPluginExampleObjc.debug.xcconfig"; sourceTree = "<group>"; };
		7BC2F8E81F5B4ACE001358F8 /* BranchPluginExampleObjc.app */ = {isa = PBXFileReference; explicitFileType = wrapper.application; includeInIndex = 0; path = BranchPluginExampleObjc.app; sourceTree = BUILT_PRODUCTS_DIR; };
		7BC2F8EC1F5B4ACE001358F8 /* main.m */ = {isa = PBXFileReference; lastKnownFileType = sourcecode.c.objc; path = main.m; sourceTree = "<group>"; };
		7BC2F8EE1F5B4ACE001358F8 /* AppDelegate.h */ = {isa = PBXFileReference; lastKnownFileType = sourcecode.c.h; path = AppDelegate.h; sourceTree = "<group>"; };
		7BC2F8EF1F5B4ACE001358F8 /* AppDelegate.m */ = {isa = PBXFileReference; lastKnownFileType = sourcecode.c.objc; path = AppDelegate.m; sourceTree = "<group>"; };
		7BC2F8F11F5B4ACE001358F8 /* ViewController.h */ = {isa = PBXFileReference; lastKnownFileType = sourcecode.c.h; path = ViewController.h; sourceTree = "<group>"; };
		7BC2F8F21F5B4ACE001358F8 /* ViewController.m */ = {isa = PBXFileReference; lastKnownFileType = sourcecode.c.objc; path = ViewController.m; sourceTree = "<group>"; };
		7BC2F8F51F5B4ACE001358F8 /* Base */ = {isa = PBXFileReference; lastKnownFileType = file.storyboard; name = Base; path = Base.lproj/Main.storyboard; sourceTree = "<group>"; };
		7BC2F8F71F5B4ACE001358F8 /* Assets.xcassets */ = {isa = PBXFileReference; lastKnownFileType = folder.assetcatalog; path = Assets.xcassets; sourceTree = "<group>"; };
		7BC2F8FA1F5B4ACE001358F8 /* Base */ = {isa = PBXFileReference; lastKnownFileType = file.storyboard; name = Base; path = Base.lproj/LaunchScreen.storyboard; sourceTree = "<group>"; };
		7BC2F8FC1F5B4ACE001358F8 /* Info.plist */ = {isa = PBXFileReference; lastKnownFileType = text.plist.xml; path = Info.plist; sourceTree = "<group>"; };
		96AA24C1214C4B16D45247D7 /* Pods_BranchPluginExampleObjc.framework */ = {isa = PBXFileReference; explicitFileType = wrapper.framework; includeInIndex = 0; path = Pods_BranchPluginExampleObjc.framework; sourceTree = BUILT_PRODUCTS_DIR; };
/* End PBXFileReference section */

/* Begin PBXFrameworksBuildPhase section */
		7BC2F8E51F5B4ACE001358F8 /* Frameworks */ = {
			isa = PBXFrameworksBuildPhase;
			buildActionMask = 2147483647;
			files = (
				33900073173019FB089C918E /* Pods_BranchPluginExampleObjc.framework in Frameworks */,
			);
			runOnlyForDeploymentPostprocessing = 0;
		};
/* End PBXFrameworksBuildPhase section */

/* Begin PBXGroup section */
		18B358C63CE026E4CC89E678 /* Pods */ = {
			isa = PBXGroup;
			children = (
				52FAF09A2888926773D5E936 /* Pods-BranchPluginExampleObjc.debug.xcconfig */,
				308705AFEB4240F708A2FC7B /* Pods-BranchPluginExampleObjc.release.xcconfig */,
			);
			name = Pods;
			sourceTree = "<group>";
		};
		4890AC49B4B687DACE2CB1E1 /* Frameworks */ = {
			isa = PBXGroup;
			children = (
				96AA24C1214C4B16D45247D7 /* Pods_BranchPluginExampleObjc.framework */,
			);
			name = Frameworks;
			sourceTree = "<group>";
		};
		7BC2F8DF1F5B4ACE001358F8 = {
			isa = PBXGroup;
			children = (
				7BC2F8EA1F5B4ACE001358F8 /* BranchPluginExampleObjc */,
				7BC2F8E91F5B4ACE001358F8 /* Products */,
				18B358C63CE026E4CC89E678 /* Pods */,
				4890AC49B4B687DACE2CB1E1 /* Frameworks */,
			);
			sourceTree = "<group>";
		};
		7BC2F8E91F5B4ACE001358F8 /* Products */ = {
			isa = PBXGroup;
			children = (
				7BC2F8E81F5B4ACE001358F8 /* BranchPluginExampleObjc.app */,
			);
			name = Products;
			sourceTree = "<group>";
		};
		7BC2F8EA1F5B4ACE001358F8 /* BranchPluginExampleObjc */ = {
			isa = PBXGroup;
			children = (
				7BC2F8EE1F5B4ACE001358F8 /* AppDelegate.h */,
				7BC2F8EF1F5B4ACE001358F8 /* AppDelegate.m */,
				7BC2F8F11F5B4ACE001358F8 /* ViewController.h */,
				7BC2F8F21F5B4ACE001358F8 /* ViewController.m */,
				7BC2F8F41F5B4ACE001358F8 /* Main.storyboard */,
				7BC2F8F71F5B4ACE001358F8 /* Assets.xcassets */,
				7BC2F8F91F5B4ACE001358F8 /* LaunchScreen.storyboard */,
				7BC2F8FC1F5B4ACE001358F8 /* Info.plist */,
				7BC2F8EB1F5B4ACE001358F8 /* Supporting Files */,
			);
			path = BranchPluginExampleObjc;
			sourceTree = "<group>";
		};
		7BC2F8EB1F5B4ACE001358F8 /* Supporting Files */ = {
			isa = PBXGroup;
			children = (
				7BC2F8EC1F5B4ACE001358F8 /* main.m */,
			);
			name = "Supporting Files";
			sourceTree = "<group>";
		};
/* End PBXGroup section */

/* Begin PBXNativeTarget section */
		7BC2F8E71F5B4ACE001358F8 /* BranchPluginExampleObjc */ = {
			isa = PBXNativeTarget;
			buildConfigurationList = 7BC2F8FF1F5B4ACE001358F8 /* Build configuration list for PBXNativeTarget "BranchPluginExampleObjc" */;
			buildPhases = (
				F930046005B27086D3A8BDDD /* [CP] Check Pods Manifest.lock */,
				7BC2F8E41F5B4ACE001358F8 /* Sources */,
				7BC2F8E51F5B4ACE001358F8 /* Frameworks */,
				7BC2F8E61F5B4ACE001358F8 /* Resources */,
				5795C754F1B1D888374E53F9 /* [CP] Embed Pods Frameworks */,
				F25C04C35AA71CD13F60B3FD /* [CP] Copy Pods Resources */,
			);
			buildRules = (
			);
			dependencies = (
			);
			name = BranchPluginExampleObjc;
			productName = BranchPluginExampleObjc;
			productReference = 7BC2F8E81F5B4ACE001358F8 /* BranchPluginExampleObjc.app */;
			productType = "com.apple.product-type.application";
		};
/* End PBXNativeTarget section */

/* Begin PBXProject section */
		7BC2F8E01F5B4ACE001358F8 /* Project object */ = {
			isa = PBXProject;
			attributes = {
				LastUpgradeCheck = 0900;
				ORGANIZATIONNAME = "Branch Metrics";
				TargetAttributes = {
					7BC2F8E71F5B4ACE001358F8 = {
						CreatedOnToolsVersion = 8.3.3;
						DevelopmentTeam = R63EM248DP;
						ProvisioningStyle = Automatic;
					};
				};
			};
			buildConfigurationList = 7BC2F8E31F5B4ACE001358F8 /* Build configuration list for PBXProject "BranchPluginExampleObjc" */;
			compatibilityVersion = "Xcode 3.2";
			developmentRegion = English;
			hasScannedForEncodings = 0;
			knownRegions = (
				en,
				Base,
			);
			mainGroup = 7BC2F8DF1F5B4ACE001358F8;
			productRefGroup = 7BC2F8E91F5B4ACE001358F8 /* Products */;
			projectDirPath = "";
			projectRoot = "";
			targets = (
				7BC2F8E71F5B4ACE001358F8 /* BranchPluginExampleObjc */,
			);
		};
/* End PBXProject section */

/* Begin PBXResourcesBuildPhase section */
		7BC2F8E61F5B4ACE001358F8 /* Resources */ = {
			isa = PBXResourcesBuildPhase;
			buildActionMask = 2147483647;
			files = (
				7BC2F8FB1F5B4ACE001358F8 /* LaunchScreen.storyboard in Resources */,
				7BC2F8F81F5B4ACE001358F8 /* Assets.xcassets in Resources */,
				7BC2F8F61F5B4ACE001358F8 /* Main.storyboard in Resources */,
			);
			runOnlyForDeploymentPostprocessing = 0;
		};
/* End PBXResourcesBuildPhase section */

/* Begin PBXShellScriptBuildPhase section */
		5795C754F1B1D888374E53F9 /* [CP] Embed Pods Frameworks */ = {
			isa = PBXShellScriptBuildPhase;
			buildActionMask = 2147483647;
			files = (
			);
			inputPaths = (
				"${SRCROOT}/Pods/Target Support Files/Pods-BranchPluginExampleObjc/Pods-BranchPluginExampleObjc-frameworks.sh",
				"${BUILT_PRODUCTS_DIR}/AFNetworking/AFNetworking.framework",
			);
			name = "[CP] Embed Pods Frameworks";
			outputPaths = (
				"${TARGET_BUILD_DIR}/${FRAMEWORKS_FOLDER_PATH}/AFNetworking.framework",
			);
			runOnlyForDeploymentPostprocessing = 0;
			shellPath = /bin/sh;
			shellScript = "\"${SRCROOT}/Pods/Target Support Files/Pods-BranchPluginExampleObjc/Pods-BranchPluginExampleObjc-frameworks.sh\"\n";
			showEnvVarsInLog = 0;
		};
		F25C04C35AA71CD13F60B3FD /* [CP] Copy Pods Resources */ = {
			isa = PBXShellScriptBuildPhase;
			buildActionMask = 2147483647;
			files = (
			);
			inputPaths = (
			);
			name = "[CP] Copy Pods Resources";
			outputPaths = (
			);
			runOnlyForDeploymentPostprocessing = 0;
			shellPath = /bin/sh;
			shellScript = "\"${SRCROOT}/Pods/Target Support Files/Pods-BranchPluginExampleObjc/Pods-BranchPluginExampleObjc-resources.sh\"\n";
			showEnvVarsInLog = 0;
		};
		F930046005B27086D3A8BDDD /* [CP] Check Pods Manifest.lock */ = {
			isa = PBXShellScriptBuildPhase;
			buildActionMask = 2147483647;
			files = (
			);
			inputPaths = (
				"${PODS_PODFILE_DIR_PATH}/Podfile.lock",
				"${PODS_ROOT}/Manifest.lock",
			);
			name = "[CP] Check Pods Manifest.lock";
			outputPaths = (
				"$(DERIVED_FILE_DIR)/Pods-BranchPluginExampleObjc-checkManifestLockResult.txt",
			);
			runOnlyForDeploymentPostprocessing = 0;
			shellPath = /bin/sh;
			shellScript = "diff \"${PODS_PODFILE_DIR_PATH}/Podfile.lock\" \"${PODS_ROOT}/Manifest.lock\" > /dev/null\nif [ $? != 0 ] ; then\n    # print error to STDERR\n    echo \"error: The sandbox is not in sync with the Podfile.lock. Run 'pod install' or update your CocoaPods installation.\" >&2\n    exit 1\nfi\n# This output is used by Xcode 'outputs' to avoid re-running this script phase.\necho \"SUCCESS\" > \"${SCRIPT_OUTPUT_FILE_0}\"\n";
			showEnvVarsInLog = 0;
		};
/* End PBXShellScriptBuildPhase section */

/* Begin PBXSourcesBuildPhase section */
		7BC2F8E41F5B4ACE001358F8 /* Sources */ = {
			isa = PBXSourcesBuildPhase;
			buildActionMask = 2147483647;
			files = (
				7BC2F8F31F5B4ACE001358F8 /* ViewController.m in Sources */,
				7BC2F8F01F5B4ACE001358F8 /* AppDelegate.m in Sources */,
				7BC2F8ED1F5B4ACE001358F8 /* main.m in Sources */,
			);
			runOnlyForDeploymentPostprocessing = 0;
		};
/* End PBXSourcesBuildPhase section */

/* Begin PBXVariantGroup section */
		7BC2F8F41F5B4ACE001358F8 /* Main.storyboard */ = {
			isa = PBXVariantGroup;
			children = (
				7BC2F8F51F5B4ACE001358F8 /* Base */,
			);
			name = Main.storyboard;
			sourceTree = "<group>";
		};
		7BC2F8F91F5B4ACE001358F8 /* LaunchScreen.storyboard */ = {
			isa = PBXVariantGroup;
			children = (
				7BC2F8FA1F5B4ACE001358F8 /* Base */,
			);
			name = LaunchScreen.storyboard;
			sourceTree = "<group>";
		};
/* End PBXVariantGroup section */

/* Begin XCBuildConfiguration section */
		7BC2F8FD1F5B4ACE001358F8 /* Debug */ = {
			isa = XCBuildConfiguration;
			buildSettings = {
				ALWAYS_SEARCH_USER_PATHS = NO;
				CLANG_ANALYZER_NONNULL = YES;
				CLANG_ANALYZER_NUMBER_OBJECT_CONVERSION = YES_AGGRESSIVE;
				CLANG_CXX_LANGUAGE_STANDARD = "gnu++0x";
				CLANG_CXX_LIBRARY = "libc++";
				CLANG_ENABLE_MODULES = YES;
				CLANG_ENABLE_OBJC_ARC = YES;
				CLANG_WARN_BLOCK_CAPTURE_AUTORELEASING = YES;
				CLANG_WARN_BOOL_CONVERSION = YES;
				CLANG_WARN_COMMA = YES;
				CLANG_WARN_CONSTANT_CONVERSION = YES;
				CLANG_WARN_DIRECT_OBJC_ISA_USAGE = YES_ERROR;
				CLANG_WARN_DOCUMENTATION_COMMENTS = YES;
				CLANG_WARN_EMPTY_BODY = YES;
				CLANG_WARN_ENUM_CONVERSION = YES;
				CLANG_WARN_INFINITE_RECURSION = YES;
				CLANG_WARN_INT_CONVERSION = YES;
				CLANG_WARN_NON_LITERAL_NULL_CONVERSION = YES;
				CLANG_WARN_OBJC_LITERAL_CONVERSION = YES;
				CLANG_WARN_OBJC_ROOT_CLASS = YES_ERROR;
				CLANG_WARN_RANGE_LOOP_ANALYSIS = YES;
				CLANG_WARN_STRICT_PROTOTYPES = YES;
				CLANG_WARN_SUSPICIOUS_MOVE = YES;
				CLANG_WARN_UNREACHABLE_CODE = YES;
				CLANG_WARN__DUPLICATE_METHOD_MATCH = YES;
				"CODE_SIGN_IDENTITY[sdk=iphoneos*]" = "iPhone Developer";
				COPY_PHASE_STRIP = NO;
				DEBUG_INFORMATION_FORMAT = dwarf;
				ENABLE_STRICT_OBJC_MSGSEND = YES;
				ENABLE_TESTABILITY = YES;
				GCC_C_LANGUAGE_STANDARD = gnu99;
				GCC_DYNAMIC_NO_PIC = NO;
				GCC_NO_COMMON_BLOCKS = YES;
				GCC_OPTIMIZATION_LEVEL = 0;
				GCC_PREPROCESSOR_DEFINITIONS = (
					"DEBUG=1",
					"$(inherited)",
				);
				GCC_WARN_64_TO_32_BIT_CONVERSION = YES;
				GCC_WARN_ABOUT_RETURN_TYPE = YES_ERROR;
				GCC_WARN_UNDECLARED_SELECTOR = YES;
				GCC_WARN_UNINITIALIZED_AUTOS = YES_AGGRESSIVE;
				GCC_WARN_UNUSED_FUNCTION = YES;
				GCC_WARN_UNUSED_VARIABLE = YES;
				IPHONEOS_DEPLOYMENT_TARGET = 10.3;
				MTL_ENABLE_DEBUG_INFO = YES;
				ONLY_ACTIVE_ARCH = YES;
				SDKROOT = iphoneos;
				TARGETED_DEVICE_FAMILY = "1,2";
			};
			name = Debug;
		};
		7BC2F8FE1F5B4ACE001358F8 /* Release */ = {
			isa = XCBuildConfiguration;
			buildSettings = {
				ALWAYS_SEARCH_USER_PATHS = NO;
				CLANG_ANALYZER_NONNULL = YES;
				CLANG_ANALYZER_NUMBER_OBJECT_CONVERSION = YES_AGGRESSIVE;
				CLANG_CXX_LANGUAGE_STANDARD = "gnu++0x";
				CLANG_CXX_LIBRARY = "libc++";
				CLANG_ENABLE_MODULES = YES;
				CLANG_ENABLE_OBJC_ARC = YES;
				CLANG_WARN_BLOCK_CAPTURE_AUTORELEASING = YES;
				CLANG_WARN_BOOL_CONVERSION = YES;
				CLANG_WARN_COMMA = YES;
				CLANG_WARN_CONSTANT_CONVERSION = YES;
				CLANG_WARN_DIRECT_OBJC_ISA_USAGE = YES_ERROR;
				CLANG_WARN_DOCUMENTATION_COMMENTS = YES;
				CLANG_WARN_EMPTY_BODY = YES;
				CLANG_WARN_ENUM_CONVERSION = YES;
				CLANG_WARN_INFINITE_RECURSION = YES;
				CLANG_WARN_INT_CONVERSION = YES;
				CLANG_WARN_NON_LITERAL_NULL_CONVERSION = YES;
				CLANG_WARN_OBJC_LITERAL_CONVERSION = YES;
				CLANG_WARN_OBJC_ROOT_CLASS = YES_ERROR;
				CLANG_WARN_RANGE_LOOP_ANALYSIS = YES;
				CLANG_WARN_STRICT_PROTOTYPES = YES;
				CLANG_WARN_SUSPICIOUS_MOVE = YES;
				CLANG_WARN_UNREACHABLE_CODE = YES;
				CLANG_WARN__DUPLICATE_METHOD_MATCH = YES;
				"CODE_SIGN_IDENTITY[sdk=iphoneos*]" = "iPhone Developer";
				COPY_PHASE_STRIP = NO;
				DEBUG_INFORMATION_FORMAT = "dwarf-with-dsym";
				ENABLE_NS_ASSERTIONS = NO;
				ENABLE_STRICT_OBJC_MSGSEND = YES;
				GCC_C_LANGUAGE_STANDARD = gnu99;
				GCC_NO_COMMON_BLOCKS = YES;
				GCC_WARN_64_TO_32_BIT_CONVERSION = YES;
				GCC_WARN_ABOUT_RETURN_TYPE = YES_ERROR;
				GCC_WARN_UNDECLARED_SELECTOR = YES;
				GCC_WARN_UNINITIALIZED_AUTOS = YES_AGGRESSIVE;
				GCC_WARN_UNUSED_FUNCTION = YES;
				GCC_WARN_UNUSED_VARIABLE = YES;
				IPHONEOS_DEPLOYMENT_TARGET = 10.3;
				MTL_ENABLE_DEBUG_INFO = NO;
				SDKROOT = iphoneos;
				TARGETED_DEVICE_FAMILY = "1,2";
				VALIDATE_PRODUCT = YES;
			};
			name = Release;
		};
		7BC2F9001F5B4ACE001358F8 /* Debug */ = {
			isa = XCBuildConfiguration;
			baseConfigurationReference = 52FAF09A2888926773D5E936 /* Pods-BranchPluginExampleObjc.debug.xcconfig */;
			buildSettings = {
				ASSETCATALOG_COMPILER_APPICON_NAME = AppIcon;
				DEVELOPMENT_TEAM = R63EM248DP;
				INFOPLIST_FILE = BranchPluginExampleObjc/Info.plist;
				LD_RUNPATH_SEARCH_PATHS = "$(inherited) @executable_path/Frameworks";
				PRODUCT_BUNDLE_IDENTIFIER = io.branch.sdk.FastlaneExample;
				PRODUCT_NAME = "$(TARGET_NAME)";
			};
			name = Debug;
		};
		7BC2F9011F5B4ACE001358F8 /* Release */ = {
			isa = XCBuildConfiguration;
			baseConfigurationReference = 308705AFEB4240F708A2FC7B /* Pods-BranchPluginExampleObjc.release.xcconfig */;
			buildSettings = {
				ASSETCATALOG_COMPILER_APPICON_NAME = AppIcon;
				DEVELOPMENT_TEAM = R63EM248DP;
				INFOPLIST_FILE = BranchPluginExampleObjc/Info.plist;
				LD_RUNPATH_SEARCH_PATHS = "$(inherited) @executable_path/Frameworks";
				PRODUCT_BUNDLE_IDENTIFIER = io.branch.sdk.FastlaneExample;
				PRODUCT_NAME = "$(TARGET_NAME)";
			};
			name = Release;
		};
/* End XCBuildConfiguration section */

/* Begin XCConfigurationList section */
		7BC2F8E31F5B4ACE001358F8 /* Build configuration list for PBXProject "BranchPluginExampleObjc" */ = {
			isa = XCConfigurationList;
			buildConfigurations = (
				7BC2F8FD1F5B4ACE001358F8 /* Debug */,
				7BC2F8FE1F5B4ACE001358F8 /* Release */,
			);
			defaultConfigurationIsVisible = 0;
			defaultConfigurationName = Release;
		};
		7BC2F8FF1F5B4ACE001358F8 /* Build configuration list for PBXNativeTarget "BranchPluginExampleObjc" */ = {
			isa = XCConfigurationList;
			buildConfigurations = (
				7BC2F9001F5B4ACE001358F8 /* Debug */,
				7BC2F9011F5B4ACE001358F8 /* Release */,
			);
			defaultConfigurationIsVisible = 0;
			defaultConfigurationName = Release;
		};
/* End XCConfigurationList section */
	};
	rootObject = 7BC2F8E01F5B4ACE001358F8 /* Project object */;
}
